
Microsoft Visual Studio Solution File, Format Version 12.00
# Visual Studio Version 17
VisualStudioVersion = 17.12.35527.113 d17.12
MinimumVisualStudioVersion = 10.0.40219.1
Project("{54A90642-561A-4BB1-A94E-469ADEE60C69}") = "react_web", "react_web.esproj", "{31CB807B-D4B5-47AC-82FE-851E3472A1DB}"
EndProject
Global
	GlobalSection(SolutionConfigurationPlatforms) = preSolution
		Debug|Any CPU = Debug|Any CPU
		Release|Any CPU = Release|Any CPU
	EndGlobalSection
	GlobalSection(ProjectConfigurationPlatforms) = postSolution
		{31CB807B-D4B5-47AC-82FE-851E3472A1DB}.Debug|Any CPU.ActiveCfg = Debug|Any CPU
		{31CB807B-D4B5-47AC-82FE-851E3472A1DB}.Debug|Any CPU.Build.0 = Debug|Any CPU
		{31CB807B-D4B5-47AC-82FE-851E3472A1DB}.Debug|Any CPU.Deploy.0 = Debug|Any CPU
		{31CB807B-D4B5-47AC-82FE-851E3472A1DB}.Release|Any CPU.ActiveCfg = Release|Any CPU
		{31CB807B-D4B5-47AC-82FE-851E3472A1DB}.Release|Any CPU.Build.0 = Release|Any CPU
		{31CB807B-D4B5-47AC-82FE-851E3472A1DB}.Release|Any CPU.Deploy.0 = Release|Any CPU
	EndGlobalSection
	GlobalSection(SolutionProperties) = preSolution
		HideSolutionNode = FALSE
	EndGlobalSection
EndGlobal
